<?xml version="1.0" encoding="utf-8"?>
<Project ToolsVersion="14.0" xmlns="http://schemas.microsoft.com/developer/msbuild/2003">
  <ItemGroup>
    <ClCompile Include="E:\opencv\opencv-3.4.3\opencv-3.4.3\samples\cpp\facedetect.cpp">
      <Filter>Source Files</Filter>
    </ClCompile>
  </ItemGroup>
  <ItemGroup>
    <CustomBuild Include="E:\opencv\opencv-3.4.3\opencv-3.4.3\samples\cpp\CMakeLists.txt" />
  </ItemGroup>
  <ItemGroup>
    <Filter Include="Source Files">
      <UniqueIdentifier>{B4E918F6-49B4-3282-9D45-93CC13784156}</UniqueIdentifier>
    </Filter>
  </ItemGroup>
</Project>
